{
	"textures": [
		{
			"image": "package-lock.png",
			"format": "RGBA8888",
			"size": {
				"w": 2018,
				"h": 402
			},
			"scale": 1,
			"frames": [
				{
					"filename": "background.png",
					"rotated": false,
					"trimmed": false,
					"sourceSize": {
						"w": 800,
						"h": 400
					},
					"spriteSourceSize": {
						"x": 0,
						"y": 0,
						"w": 800,
						"h": 400
					},
					"frame": {
						"x": 1,
						"y": 1,
						"w": 800,
						"h": 400
					}
				},
				{
					"filename": "capguy/walk/0008.png",
					"rotated": false,
					"trimmed": true,
					"sourceSize": {
						"w": 187,
						"h": 324
					},
					"spriteSourceSize": {
						"x": 22,
						"y": 1,
						"w": 161,
						"h": 319
					},
					"frame": {
						"x": 803,
						"y": 1,
						"w": 161,
						"h": 319
					}
				},
				{
					"filename": "capguy/walk/0001.png",
					"rotated": false,
					"trimmed": true,
					"sourceSize": {
						"w": 187,
						"h": 324
					},
					"spriteSourceSize": {
						"x": 15,
						"y": 3,
						"w": 158,
						"h": 316
					},
					"frame": {
						"x": 966,
						"y": 1,
						"w": 158,
						"h": 316
					}
				},
				{
					"filename": "capguy/walk/0007.png",
					"rotated": false,
					"trimmed": true,
					"sourceSize": {
						"w": 187,
						"h": 324
					},
					"spriteSourceSize": {
						"x": 32,
						"y": 2,
						"w": 146,
						"h": 314
					},
					"frame": {
						"x": 1126,
						"y": 1,
						"w": 146,
						"h": 314
					}
				},
				{
					"filename": "capguy/walk/0005.png",
					"rotated": false,
					"trimmed": true,
					"sourceSize": {
						"w": 187,
						"h": 324
					},
					"spriteSourceSize": {
						"x": 33,
						"y": 3,
						"w": 139,
						"h": 311
					},
					"frame": {
						"x": 1274,
						"y": 1,
						"w": 139,
						"h": 311
					}
				},
				{
					"filename": "capguy/walk/0006.png",
					"rotated": false,
					"trimmed": true,
					"sourceSize": {
						"w": 187,
						"h": 324
					},
					"spriteSourceSize": {
						"x": 29,
						"y": 8,
						"w": 135,
						"h": 311
					},
					"frame": {
						"x": 1415,
						"y": 1,
						"w": 135,
						"h": 311
					}
				},
				{
					"filename": "capguy/walk/0003.png",
					"rotated": false,
					"trimmed": true,
					"sourceSize": {
						"w": 187,
						"h": 324
					},
					"spriteSourceSize": {
						"x": 26,
						"y": 2,
						"w": 152,
						"h": 307
					},
					"frame": {
						"x": 1552,
						"y": 1,
						"w": 152,
						"h": 307
					}
				},
				{
					"filename": "capguy/walk/0002.png",
					"rotated": false,
					"trimmed": true,
					"sourceSize": {
						"w": 187,
						"h": 324
					},
					"spriteSourceSize": {
						"x": 0,
						"y": 8,
						"w": 168,
						"h": 303
					},
					"frame": {
						"x": 1706,
						"y": 1,
						"w": 168,
						"h": 303
					}
				},
				{
					"filename": "capguy/walk/0004.png",
					"rotated": false,
					"trimmed": true,
					"sourceSize": {
						"w": 187,
						"h": 324
					},
					"spriteSourceSize": {
						"x": 42,
						"y": 1,
						"w": 141,
						"h": 306
					},
					"frame": {
						"x": 1876,
						"y": 1,
						"w": 141,
						"h": 306
					}
				}
			]
		}
	],
	"meta": {
		"app": "https://www.codeandweb.com/texturepacker",
		"version": "3.0",
		"smartupdate": "$TexturePacker:SmartUpdate:fc3542220908b6310c5f296c9f2dc6dc:fed0f696c0a1349f4c5839d5f65ab643:7c5e826eb89aebec223a8c8ecbe95243$"
	}
}
